PODS:
  - CustomRulerView (1.0.0)
  - LookinServer (1.2.5):
    - LookinServer/Core (= 1.2.5)
  - LookinServer/Core (1.2.5)

DEPENDENCIES:
  - CustomRulerView (from `../`)
  - LookinServer

SPEC REPOS:
  https://github.com/CocoaPods/Specs.git:
    - LookinServer

EXTERNAL SOURCES:
  CustomRulerView:
    :path: "../"

SPEC CHECKSUMS:
  CustomRulerView: 0609596bbdd8a3c804ad6a0cb8b43856395fa713
  LookinServer: 6805292e8d2ff9ddfcfaa9357fc5c1f277c90afd

PODFILE CHECKSUM: 2c9b43f892a72fbfd4b44868402986a99de82e0a

COCOAPODS: 1.12.1
